
Microsoft Visual Studio Solution File, Format Version 12.00
# Visual Studio Version 17
VisualStudioVersion = 17.8.34330.188
MinimumVisualStudioVersion = 10.0.40219.1
Project("{FAE04EC0-301F-11D3-BF4B-00C04F79EFBC}") = "CurriculumService", "CurriculumService\CurriculumService.csproj", "{7DF6FCC1-8083-4D35-8555-55EF6B3E02E4}"
EndProject
Global
	GlobalSection(SolutionConfigurationPlatforms) = preSolution
		Debug|Any CPU = Debug|Any CPU
		Release|Any CPU = Release|Any CPU
	EndGlobalSection
	GlobalSection(ProjectConfigurationPlatforms) = postSolution
		{7DF6FCC1-8083-4D35-8555-55EF6B3E02E4}.Debug|Any CPU.ActiveCfg = Debug|Any CPU
		{7DF6FCC1-8083-4D35-8555-55EF6B3E02E4}.Debug|Any CPU.Build.0 = Debug|Any CPU
		{7DF6FCC1-8083-4D35-8555-55EF6B3E02E4}.Release|Any CPU.ActiveCfg = Release|Any CPU
		{7DF6FCC1-8083-4D35-8555-55EF6B3E02E4}.Release|Any CPU.Build.0 = Release|Any CPU
	EndGlobalSection
	GlobalSection(SolutionProperties) = preSolution
		HideSolutionNode = FALSE
	EndGlobalSection
	GlobalSection(ExtensibilityGlobals) = postSolution
		SolutionGuid = {A4CF8A2C-96A5-4381-A9F7-CFBFFDCA0927}
	EndGlobalSection
EndGlobal
