
Microsoft Visual Studio Solution File, Format Version 12.00
# Visual Studio Version 17
VisualStudioVersion = 17.8.34330.188
MinimumVisualStudioVersion = 10.0.40219.1
Project("{FAE04EC0-301F-11D3-BF4B-00C04F79EFBC}") = "VacancyService", "VacancyService\VacancyService.csproj", "{6F1DCE5F-E4C1-4E76-A156-DB66BDDD1A9A}"
EndProject
Global
	GlobalSection(SolutionConfigurationPlatforms) = preSolution
		Debug|Any CPU = Debug|Any CPU
		Release|Any CPU = Release|Any CPU
	EndGlobalSection
	GlobalSection(ProjectConfigurationPlatforms) = postSolution
		{6F1DCE5F-E4C1-4E76-A156-DB66BDDD1A9A}.Debug|Any CPU.ActiveCfg = Debug|Any CPU
		{6F1DCE5F-E4C1-4E76-A156-DB66BDDD1A9A}.Debug|Any CPU.Build.0 = Debug|Any CPU
		{6F1DCE5F-E4C1-4E76-A156-DB66BDDD1A9A}.Release|Any CPU.ActiveCfg = Release|Any CPU
		{6F1DCE5F-E4C1-4E76-A156-DB66BDDD1A9A}.Release|Any CPU.Build.0 = Release|Any CPU
	EndGlobalSection
	GlobalSection(SolutionProperties) = preSolution
		HideSolutionNode = FALSE
	EndGlobalSection
	GlobalSection(ExtensibilityGlobals) = postSolution
		SolutionGuid = {BD4EE250-8627-4E0C-A709-C81E1C1D618A}
	EndGlobalSection
EndGlobal
