
Microsoft Visual Studio Solution File, Format Version 12.00
# Visual Studio Version 17
VisualStudioVersion = 17.8.34330.188
MinimumVisualStudioVersion = 10.0.40219.1
Project("{FAE04EC0-301F-11D3-BF4B-00C04F79EFBC}") = "UserService", "UserService\UserService.csproj", "{D94C1D3F-A532-46BC-A371-ABFC39AACC8C}"
EndProject
Global
	GlobalSection(SolutionConfigurationPlatforms) = preSolution
		Debug|Any CPU = Debug|Any CPU
		Release|Any CPU = Release|Any CPU
	EndGlobalSection
	GlobalSection(ProjectConfigurationPlatforms) = postSolution
		{D94C1D3F-A532-46BC-A371-ABFC39AACC8C}.Debug|Any CPU.ActiveCfg = Debug|Any CPU
		{D94C1D3F-A532-46BC-A371-ABFC39AACC8C}.Debug|Any CPU.Build.0 = Debug|Any CPU
		{D94C1D3F-A532-46BC-A371-ABFC39AACC8C}.Release|Any CPU.ActiveCfg = Release|Any CPU
		{D94C1D3F-A532-46BC-A371-ABFC39AACC8C}.Release|Any CPU.Build.0 = Release|Any CPU
	EndGlobalSection
	GlobalSection(SolutionProperties) = preSolution
		HideSolutionNode = FALSE
	EndGlobalSection
	GlobalSection(ExtensibilityGlobals) = postSolution
		SolutionGuid = {98F6110A-1100-4952-AAFE-E268CB4E22E8}
	EndGlobalSection
EndGlobal
